// !$*UTF8*$!
{
	archiveVersion = 1;
	classes = {
	};
	objectVersion = 56;
	objects = {

/* Begin PBXBuildFile section */
		4102A90B2BA07E2600D4B24C /* HomeHeaderView.swift in Sources */ = {isa = PBXBuildFile; fileRef = 4102A90A2BA07E2600D4B24C /* HomeHeaderView.swift */; };
		4102A90D2BA07FF700D4B24C /* Colors.swift in Sources */ = {isa = PBXBuildFile; fileRef = 4102A90C2BA07FF700D4B24C /* Colors.swift */; };
		4102A9112BA0CC7B00D4B24C /* ConfigManager.swift in Sources */ = {isa = PBXBuildFile; fileRef = 4102A9102BA0CC7B00D4B24C /* ConfigManager.swift */; };
		41516A732B3E2E1000657A7F /* Feed.swift in Sources */ = {isa = PBXBuildFile; fileRef = 41516A722B3E2E1000657A7F /* Feed.swift */; };
		41750D6F2BA0F2C70048AB1E /* Shapiro 95 Super Extd.otf in Resources */ = {isa = PBXBuildFile; fileRef = 41750D6E2BA0F2C70048AB1E /* Shapiro 95 Super Extd.otf */; };
		418B97D52B3B671A00842309 /* readcastApp.swift in Sources */ = {isa = PBXBuildFile; fileRef = 418B97D42B3B671A00842309 /* readcastApp.swift */; };
		418B97D72B3B671A00842309 /* ContentView.swift in Sources */ = {isa = PBXBuildFile; fileRef = 418B97D62B3B671A00842309 /* ContentView.swift */; };
		418B97D92B3B671A00842309 /* BookManager.swift in Sources */ = {isa = PBXBuildFile; fileRef = 418B97D82B3B671A00842309 /* BookManager.swift */; };
		418B97DB2B3B671C00842309 /* Assets.xcassets in Resources */ = {isa = PBXBuildFile; fileRef = 418B97DA2B3B671C00842309 /* Assets.xcassets */; };
		418B97DE2B3B671C00842309 /* Preview Assets.xcassets in Resources */ = {isa = PBXBuildFile; fileRef = 418B97DD2B3B671C00842309 /* Preview Assets.xcassets */; };
		419702062B9F2F1000372961 /* Splash_Screen.png in Resources */ = {isa = PBXBuildFile; fileRef = 419702052B9F2F1000372961 /* Splash_Screen.png */; };
		4197022C2B9FE38900372961 /* BookFeedView.swift in Sources */ = {isa = PBXBuildFile; fileRef = 4197022B2B9FE38900372961 /* BookFeedView.swift */; };
		4197022E2B9FE48F00372961 /* BookItemView.swift in Sources */ = {isa = PBXBuildFile; fileRef = 4197022D2B9FE48F00372961 /* BookItemView.swift */; };
		419702302B9FE54100372961 /* AsyncImageView.swift in Sources */ = {isa = PBXBuildFile; fileRef = 4197022F2B9FE54100372961 /* AsyncImageView.swift */; };
/* End PBXBuildFile section */

/* Begin PBXFileReference section */
		4102A90A2BA07E2600D4B24C /* HomeHeaderView.swift */ = {isa = PBXFileReference; lastKnownFileType = sourcecode.swift; path = HomeHeaderView.swift; sourceTree = "<group>"; };
		4102A90C2BA07FF700D4B24C /* Colors.swift */ = {isa = PBXFileReference; lastKnownFileType = sourcecode.swift; path = Colors.swift; sourceTree = "<group>"; };
		4102A9102BA0CC7B00D4B24C /* ConfigManager.swift */ = {isa = PBXFileReference; lastKnownFileType = sourcecode.swift; path = ConfigManager.swift; sourceTree = "<group>"; };
		41516A722B3E2E1000657A7F /* Feed.swift */ = {isa = PBXFileReference; lastKnownFileType = sourcecode.swift; path = Feed.swift; sourceTree = "<group>"; };
		41750D6E2BA0F2C70048AB1E /* Shapiro 95 Super Extd.otf */ = {isa = PBXFileReference; lastKnownFileType = file; path = "Shapiro 95 Super Extd.otf"; sourceTree = "<group>"; };
		418B97D12B3B671A00842309 /* readcast.app */ = {isa = PBXFileReference; explicitFileType = wrapper.application; includeInIndex = 0; path = readcast.app; sourceTree = BUILT_PRODUCTS_DIR; };
		418B97D42B3B671A00842309 /* readcastApp.swift */ = {isa = PBXFileReference; lastKnownFileType = sourcecode.swift; path = readcastApp.swift; sourceTree = "<group>"; };
		418B97D62B3B671A00842309 /* ContentView.swift */ = {isa = PBXFileReference; lastKnownFileType = sourcecode.swift; path = ContentView.swift; sourceTree = "<group>"; };
		418B97D82B3B671A00842309 /* BookManager.swift */ = {isa = PBXFileReference; lastKnownFileType = sourcecode.swift; path = BookManager.swift; sourceTree = "<group>"; };
		418B97DA2B3B671C00842309 /* Assets.xcassets */ = {isa = PBXFileReference; lastKnownFileType = folder.assetcatalog; path = Assets.xcassets; sourceTree = "<group>"; };
		418B97DD2B3B671C00842309 /* Preview Assets.xcassets */ = {isa = PBXFileReference; lastKnownFileType = folder.assetcatalog; path = "Preview Assets.xcassets"; sourceTree = "<group>"; };
		418B97DF2B3B671C00842309 /* readcast.entitlements */ = {isa = PBXFileReference; lastKnownFileType = text.plist.entitlements; path = readcast.entitlements; sourceTree = "<group>"; };
		418B97E02B3B671C00842309 /* Info.plist */ = {isa = PBXFileReference; lastKnownFileType = text.plist.xml; path = Info.plist; sourceTree = "<group>"; };
		419702052B9F2F1000372961 /* Splash_Screen.png */ = {isa = PBXFileReference; lastKnownFileType = image.png; path = Splash_Screen.png; sourceTree = "<group>"; };
		4197022B2B9FE38900372961 /* BookFeedView.swift */ = {isa = PBXFileReference; lastKnownFileType = sourcecode.swift; path = BookFeedView.swift; sourceTree = "<group>"; };
		4197022D2B9FE48F00372961 /* BookItemView.swift */ = {isa = PBXFileReference; lastKnownFileType = sourcecode.swift; path = BookItemView.swift; sourceTree = "<group>"; };
		4197022F2B9FE54100372961 /* AsyncImageView.swift */ = {isa = PBXFileReference; lastKnownFileType = sourcecode.swift; path = AsyncImageView.swift; sourceTree = "<group>"; };
/* End PBXFileReference section */

/* Begin PBXFrameworksBuildPhase section */
		418B97CE2B3B671A00842309 /* Frameworks */ = {
			isa = PBXFrameworksBuildPhase;
			buildActionMask = 2147483647;
			files = (
			);
			runOnlyForDeploymentPostprocessing = 0;
		};
/* End PBXFrameworksBuildPhase section */

/* Begin PBXGroup section */
		418B97C82B3B671A00842309 = {
			isa = PBXGroup;
			children = (
				418B97D32B3B671A00842309 /* readcast */,
				418B97D22B3B671A00842309 /* Products */,
			);
			sourceTree = "<group>";
		};
		418B97D22B3B671A00842309 /* Products */ = {
			isa = PBXGroup;
			children = (
				418B97D12B3B671A00842309 /* readcast.app */,
			);
			name = Products;
			sourceTree = "<group>";
		};
		418B97D32B3B671A00842309 /* readcast */ = {
			isa = PBXGroup;
			children = (
				41750D6E2BA0F2C70048AB1E /* Shapiro 95 Super Extd.otf */,
				418B97D42B3B671A00842309 /* readcastApp.swift */,
				418B97D62B3B671A00842309 /* ContentView.swift */,
				4102A90A2BA07E2600D4B24C /* HomeHeaderView.swift */,
				4197022B2B9FE38900372961 /* BookFeedView.swift */,
				4197022D2B9FE48F00372961 /* BookItemView.swift */,
				4197022F2B9FE54100372961 /* AsyncImageView.swift */,
				418B97D82B3B671A00842309 /* BookManager.swift */,
				4102A9102BA0CC7B00D4B24C /* ConfigManager.swift */,
				4102A90C2BA07FF700D4B24C /* Colors.swift */,
				41516A722B3E2E1000657A7F /* Feed.swift */,
				418B97DA2B3B671C00842309 /* Assets.xcassets */,
				418B97DF2B3B671C00842309 /* readcast.entitlements */,
				418B97E02B3B671C00842309 /* Info.plist */,
				418B97DC2B3B671C00842309 /* Preview Content */,
				419702052B9F2F1000372961 /* Splash_Screen.png */,
			);
			path = readcast;
			sourceTree = "<group>";
		};
		418B97DC2B3B671C00842309 /* Preview Content */ = {
			isa = PBXGroup;
			children = (
				418B97DD2B3B671C00842309 /* Preview Assets.xcassets */,
			);
			path = "Preview Content";
			sourceTree = "<group>";
		};
/* End PBXGroup section */

/* Begin PBXNativeTarget section */
		418B97D02B3B671A00842309 /* readcast */ = {
			isa = PBXNativeTarget;
			buildConfigurationList = 418B97E32B3B671C00842309 /* Build configuration list for PBXNativeTarget "readcast" */;
			buildPhases = (
				418B97CD2B3B671A00842309 /* Sources */,
				418B97CE2B3B671A00842309 /* Frameworks */,
				418B97CF2B3B671A00842309 /* Resources */,
			);
			buildRules = (
			);
			dependencies = (
			);
			name = readcast;
			productName = readcast;
			productReference = 418B97D12B3B671A00842309 /* readcast.app */;
			productType = "com.apple.product-type.application";
		};
/* End PBXNativeTarget section */

/* Begin PBXProject section */
		418B97C92B3B671A00842309 /* Project object */ = {
			isa = PBXProject;
			attributes = {
				BuildIndependentTargetsInParallel = 1;
				LastSwiftUpdateCheck = 1510;
				LastUpgradeCheck = 1510;
				TargetAttributes = {
					418B97D02B3B671A00842309 = {
						CreatedOnToolsVersion = 15.1;
					};
				};
			};
			buildConfigurationList = 418B97CC2B3B671A00842309 /* Build configuration list for PBXProject "readcast" */;
			compatibilityVersion = "Xcode 14.0";
			developmentRegion = en;
			hasScannedForEncodings = 0;
			knownRegions = (
				en,
				Base,
			);
			mainGroup = 418B97C82B3B671A00842309;
			productRefGroup = 418B97D22B3B671A00842309 /* Products */;
			projectDirPath = "";
			projectRoot = "";
			targets = (
				418B97D02B3B671A00842309 /* readcast */,
			);
		};
/* End PBXProject section */

/* Begin PBXResourcesBuildPhase section */
		418B97CF2B3B671A00842309 /* Resources */ = {
			isa = PBXResourcesBuildPhase;
			buildActionMask = 2147483647;
			files = (
				418B97DE2B3B671C00842309 /* Preview Assets.xcassets in Resources */,
				41750D6F2BA0F2C70048AB1E /* Shapiro 95 Super Extd.otf in Resources */,
				418B97DB2B3B671C00842309 /* Assets.xcassets in Resources */,
				419702062B9F2F1000372961 /* Splash_Screen.png in Resources */,
			);
			runOnlyForDeploymentPostprocessing = 0;
		};
/* End PBXResourcesBuildPhase section */

/* Begin PBXSourcesBuildPhase section */
		418B97CD2B3B671A00842309 /* Sources */ = {
			isa = PBXSourcesBuildPhase;
			buildActionMask = 2147483647;
			files = (
				418B97D72B3B671A00842309 /* ContentView.swift in Sources */,
				4102A90D2BA07FF700D4B24C /* Colors.swift in Sources */,
				4197022C2B9FE38900372961 /* BookFeedView.swift in Sources */,
				4102A9112BA0CC7B00D4B24C /* ConfigManager.swift in Sources */,
				41516A732B3E2E1000657A7F /* Feed.swift in Sources */,
				4197022E2B9FE48F00372961 /* BookItemView.swift in Sources */,
				4102A90B2BA07E2600D4B24C /* HomeHeaderView.swift in Sources */,
				418B97D92B3B671A00842309 /* BookManager.swift in Sources */,
				418B97D52B3B671A00842309 /* readcastApp.swift in Sources */,
				419702302B9FE54100372961 /* AsyncImageView.swift in Sources */,
			);
			runOnlyForDeploymentPostprocessing = 0;
		};
/* End PBXSourcesBuildPhase section */

/* Begin XCBuildConfiguration section */
		418B97E12B3B671C00842309 /* Debug */ = {
			isa = XCBuildConfiguration;
			buildSettings = {
				ALWAYS_SEARCH_USER_PATHS = NO;
				ASSETCATALOG_COMPILER_GENERATE_SWIFT_ASSET_SYMBOL_EXTENSIONS = YES;
				CLANG_ANALYZER_NONNULL = YES;
				CLANG_ANALYZER_NUMBER_OBJECT_CONVERSION = YES_AGGRESSIVE;
				CLANG_CXX_LANGUAGE_STANDARD = "gnu++20";
				CLANG_ENABLE_MODULES = YES;
				CLANG_ENABLE_OBJC_ARC = YES;
				CLANG_ENABLE_OBJC_WEAK = YES;
				CLANG_WARN_BLOCK_CAPTURE_AUTORELEASING = YES;
				CLANG_WARN_BOOL_CONVERSION = YES;
				CLANG_WARN_COMMA = YES;
				CLANG_WARN_CONSTANT_CONVERSION = YES;
				CLANG_WARN_DEPRECATED_OBJC_IMPLEMENTATIONS = YES;
				CLANG_WARN_DIRECT_OBJC_ISA_USAGE = YES_ERROR;
				CLANG_WARN_DOCUMENTATION_COMMENTS = YES;
				CLANG_WARN_EMPTY_BODY = YES;
				CLANG_WARN_ENUM_CONVERSION = YES;
				CLANG_WARN_INFINITE_RECURSION = YES;
				CLANG_WARN_INT_CONVERSION = YES;
				CLANG_WARN_NON_LITERAL_NULL_CONVERSION = YES;
				CLANG_WARN_OBJC_IMPLICIT_RETAIN_SELF = YES;
				CLANG_WARN_OBJC_LITERAL_CONVERSION = YES;
				CLANG_WARN_OBJC_ROOT_CLASS = YES_ERROR;
				CLANG_WARN_QUOTED_INCLUDE_IN_FRAMEWORK_HEADER = YES;
				CLANG_WARN_RANGE_LOOP_ANALYSIS = YES;
				CLANG_WARN_STRICT_PROTOTYPES = YES;
				CLANG_WARN_SUSPICIOUS_MOVE = YES;
				CLANG_WARN_UNGUARDED_AVAILABILITY = YES_AGGRESSIVE;
				CLANG_WARN_UNREACHABLE_CODE = YES;
				CLANG_WARN__DUPLICATE_METHOD_MATCH = YES;
				COPY_PHASE_STRIP = NO;
				DEBUG_INFORMATION_FORMAT = dwarf;
				ENABLE_STRICT_OBJC_MSGSEND = YES;
				ENABLE_TESTABILITY = YES;
				ENABLE_USER_SCRIPT_SANDBOXING = YES;
				GCC_C_LANGUAGE_STANDARD = gnu17;
				GCC_DYNAMIC_NO_PIC = NO;
				GCC_NO_COMMON_BLOCKS = YES;
				GCC_OPTIMIZATION_LEVEL = 0;
				GCC_PREPROCESSOR_DEFINITIONS = (
					"DEBUG=1",
					"$(inherited)",
				);
				GCC_WARN_64_TO_32_BIT_CONVERSION = YES;
				GCC_WARN_ABOUT_RETURN_TYPE = YES_ERROR;
				GCC_WARN_UNDECLARED_SELECTOR = YES;
				GCC_WARN_UNINITIALIZED_AUTOS = YES_AGGRESSIVE;
				GCC_WARN_UNUSED_FUNCTION = YES;
				GCC_WARN_UNUSED_VARIABLE = YES;
				IPHONEOS_DEPLOYMENT_TARGET = 17.2;
				LOCALIZATION_PREFERS_STRING_CATALOGS = YES;
				MTL_ENABLE_DEBUG_INFO = INCLUDE_SOURCE;
				MTL_FAST_MATH = YES;
				ONLY_ACTIVE_ARCH = YES;
				SDKROOT = iphoneos;
				SWIFT_ACTIVE_COMPILATION_CONDITIONS = "DEBUG $(inherited)";
				SWIFT_OPTIMIZATION_LEVEL = "-Onone";
			};
			name = Debug;
		};
		418B97E22B3B671C00842309 /* Release */ = {
			isa = XCBuildConfiguration;
			buildSettings = {
				ALWAYS_SEARCH_USER_PATHS = NO;
				ASSETCATALOG_COMPILER_GENERATE_SWIFT_ASSET_SYMBOL_EXTENSIONS = YES;
				CLANG_ANALYZER_NONNULL = YES;
				CLANG_ANALYZER_NUMBER_OBJECT_CONVERSION = YES_AGGRESSIVE;
				CLANG_CXX_LANGUAGE_STANDARD = "gnu++20";
				CLANG_ENABLE_MODULES = YES;
				CLANG_ENABLE_OBJC_ARC = YES;
				CLANG_ENABLE_OBJC_WEAK = YES;
				CLANG_WARN_BLOCK_CAPTURE_AUTORELEASING = YES;
				CLANG_WARN_BOOL_CONVERSION = YES;
				CLANG_WARN_COMMA = YES;
				CLANG_WARN_CONSTANT_CONVERSION = YES;
				CLANG_WARN_DEPRECATED_OBJC_IMPLEMENTATIONS = YES;
				CLANG_WARN_DIRECT_OBJC_ISA_USAGE = YES_ERROR;
				CLANG_WARN_DOCUMENTATION_COMMENTS = YES;
				CLANG_WARN_EMPTY_BODY = YES;
				CLANG_WARN_ENUM_CONVERSION = YES;
				CLANG_WARN_INFINITE_RECURSION = YES;
				CLANG_WARN_INT_CONVERSION = YES;
				CLANG_WARN_NON_LITERAL_NULL_CONVERSION = YES;
				CLANG_WARN_OBJC_IMPLICIT_RETAIN_SELF = YES;
				CLANG_WARN_OBJC_LITERAL_CONVERSION = YES;
				CLANG_WARN_OBJC_ROOT_CLASS = YES_ERROR;
				CLANG_WARN_QUOTED_INCLUDE_IN_FRAMEWORK_HEADER = YES;
				CLANG_WARN_RANGE_LOOP_ANALYSIS = YES;
				CLANG_WARN_STRICT_PROTOTYPES = YES;
				CLANG_WARN_SUSPICIOUS_MOVE = YES;
				CLANG_WARN_UNGUARDED_AVAILABILITY = YES_AGGRESSIVE;
				CLANG_WARN_UNREACHABLE_CODE = YES;
				CLANG_WARN__DUPLICATE_METHOD_MATCH = YES;
				COPY_PHASE_STRIP = NO;
				DEBUG_INFORMATION_FORMAT = "dwarf-with-dsym";
				ENABLE_NS_ASSERTIONS = NO;
				ENABLE_STRICT_OBJC_MSGSEND = YES;
				ENABLE_USER_SCRIPT_SANDBOXING = YES;
				GCC_C_LANGUAGE_STANDARD = gnu17;
				GCC_NO_COMMON_BLOCKS = YES;
				GCC_WARN_64_TO_32_BIT_CONVERSION = YES;
				GCC_WARN_ABOUT_RETURN_TYPE = YES_ERROR;
				GCC_WARN_UNDECLARED_SELECTOR = YES;
				GCC_WARN_UNINITIALIZED_AUTOS = YES_AGGRESSIVE;
				GCC_WARN_UNUSED_FUNCTION = YES;
				GCC_WARN_UNUSED_VARIABLE = YES;
				IPHONEOS_DEPLOYMENT_TARGET = 17.2;
				LOCALIZATION_PREFERS_STRING_CATALOGS = YES;
				MTL_ENABLE_DEBUG_INFO = NO;
				MTL_FAST_MATH = YES;
				SDKROOT = iphoneos;
				SWIFT_COMPILATION_MODE = wholemodule;
				VALIDATE_PRODUCT = YES;
			};
			name = Release;
		};
		418B97E42B3B671C00842309 /* Debug */ = {
			isa = XCBuildConfiguration;
			buildSettings = {
				ASSETCATALOG_COMPILER_APPICON_NAME = AppIcon;
				ASSETCATALOG_COMPILER_GLOBAL_ACCENT_COLOR_NAME = AccentColor;
				ASSETCATALOG_COMPILER_INCLUDE_ALL_APPICON_ASSETS = NO;
				CODE_SIGN_ENTITLEMENTS = readcast/readcast.entitlements;
				CODE_SIGN_STYLE = Automatic;
				CURRENT_PROJECT_VERSION = 1;
				DEVELOPMENT_ASSET_PATHS = "\"readcast/Preview Content\"";
				DEVELOPMENT_TEAM = LVQ7HC5596;
				ENABLE_PREVIEWS = YES;
				GENERATE_INFOPLIST_FILE = YES;
				INFOPLIST_FILE = readcast/Info.plist;
				INFOPLIST_KEY_LSApplicationCategoryType = "";
				INFOPLIST_KEY_UIApplicationSceneManifest_Generation = YES;
				INFOPLIST_KEY_UIApplicationSupportsIndirectInputEvents = YES;
				INFOPLIST_KEY_UILaunchStoryboardName = Splash_Screen;
				INFOPLIST_KEY_UIStatusBarHidden = YES;
				INFOPLIST_KEY_UIStatusBarStyle = "";
				INFOPLIST_KEY_UISupportedInterfaceOrientations = "UIInterfaceOrientationLandscapeLeft UIInterfaceOrientationLandscapeRight UIInterfaceOrientationPortrait";
				INFOPLIST_KEY_UISupportedInterfaceOrientations_iPad = "UIInterfaceOrientationLandscapeLeft UIInterfaceOrientationLandscapeRight UIInterfaceOrientationPortrait UIInterfaceOrientationPortraitUpsideDown";
				LD_RUNPATH_SEARCH_PATHS = (
					"$(inherited)",
					"@executable_path/Frameworks",
				);
				MARKETING_VERSION = 1.0;
				PRODUCT_BUNDLE_IDENTIFIER = readcast;
				PRODUCT_NAME = "$(TARGET_NAME)";
				SUPPORTED_PLATFORMS = "iphoneos iphonesimulator";
				SUPPORTS_MACCATALYST = NO;
				SUPPORTS_MAC_DESIGNED_FOR_IPHONE_IPAD = NO;
				SUPPORTS_XR_DESIGNED_FOR_IPHONE_IPAD = NO;
				SWIFT_EMIT_LOC_STRINGS = YES;
				SWIFT_VERSION = 5.0;
				TARGETED_DEVICE_FAMILY = 1;
			};
			name = Debug;
		};
		418B97E52B3B671C00842309 /* Release */ = {
			isa = XCBuildConfiguration;
			buildSettings = {
				ASSETCATALOG_COMPILER_APPICON_NAME = AppIcon;
				ASSETCATALOG_COMPILER_GLOBAL_ACCENT_COLOR_NAME = AccentColor;
				ASSETCATALOG_COMPILER_INCLUDE_ALL_APPICON_ASSETS = NO;
				CODE_SIGN_ENTITLEMENTS = readcast/readcast.entitlements;
				CODE_SIGN_STYLE = Automatic;
				CURRENT_PROJECT_VERSION = 1;
				DEVELOPMENT_ASSET_PATHS = "\"readcast/Preview Content\"";
				DEVELOPMENT_TEAM = LVQ7HC5596;
				ENABLE_PREVIEWS = YES;
				GENERATE_INFOPLIST_FILE = YES;
				INFOPLIST_FILE = readcast/Info.plist;
				INFOPLIST_KEY_LSApplicationCategoryType = "";
				INFOPLIST_KEY_UIApplicationSceneManifest_Generation = YES;
				INFOPLIST_KEY_UIApplicationSupportsIndirectInputEvents = YES;
				INFOPLIST_KEY_UILaunchStoryboardName = Splash_Screen;
				INFOPLIST_KEY_UIStatusBarHidden = YES;
				INFOPLIST_KEY_UIStatusBarStyle = "";
				INFOPLIST_KEY_UISupportedInterfaceOrientations = "UIInterfaceOrientationLandscapeLeft UIInterfaceOrientationLandscapeRight UIInterfaceOrientationPortrait";
				INFOPLIST_KEY_UISupportedInterfaceOrientations_iPad = "UIInterfaceOrientationLandscapeLeft UIInterfaceOrientationLandscapeRight UIInterfaceOrientationPortrait UIInterfaceOrientationPortraitUpsideDown";
				LD_RUNPATH_SEARCH_PATHS = (
					"$(inherited)",
					"@executable_path/Frameworks",
				);
				MARKETING_VERSION = 1.0;
				PRODUCT_BUNDLE_IDENTIFIER = readcast;
				PRODUCT_NAME = "$(TARGET_NAME)";
				SUPPORTED_PLATFORMS = "iphoneos iphonesimulator";
				SUPPORTS_MACCATALYST = NO;
				SUPPORTS_MAC_DESIGNED_FOR_IPHONE_IPAD = NO;
				SUPPORTS_XR_DESIGNED_FOR_IPHONE_IPAD = NO;
				SWIFT_EMIT_LOC_STRINGS = YES;
				SWIFT_VERSION = 5.0;
				TARGETED_DEVICE_FAMILY = 1;
			};
			name = Release;
		};
/* End XCBuildConfiguration section */

/* Begin XCConfigurationList section */
		418B97CC2B3B671A00842309 /* Build configuration list for PBXProject "readcast" */ = {
			isa = XCConfigurationList;
			buildConfigurations = (
				418B97E12B3B671C00842309 /* Debug */,
				418B97E22B3B671C00842309 /* Release */,
			);
			defaultConfigurationIsVisible = 0;
			defaultConfigurationName = Release;
		};
		418B97E32B3B671C00842309 /* Build configuration list for PBXNativeTarget "readcast" */ = {
			isa = XCConfigurationList;
			buildConfigurations = (
				418B97E42B3B671C00842309 /* Debug */,
				418B97E52B3B671C00842309 /* Release */,
			);
			defaultConfigurationIsVisible = 0;
			defaultConfigurationName = Release;
		};
/* End XCConfigurationList section */
	};
	rootObject = 418B97C92B3B671A00842309 /* Project object */;
}
